
Microsoft Visual Studio Solution File, Format Version 12.00
# Visual Studio 15
VisualStudioVersion = 15.0.26124.0
MinimumVisualStudioVersion = 15.0.26124.0
Project("{2150E333-8FDC-42A3-9474-1A3956D46DE8}") = "src", "src", "{8AD01FBA-519E-42F7-ACAE-378938E6E3F3}"
EndProject
Project("{FAE04EC0-301F-11D3-BF4B-00C04F79EFBC}") = "Isen.DotNet.ConsoleApp", "src\Isen.DotNet.ConsoleApp\Isen.DotNet.ConsoleApp.csproj", "{FA7834D3-34C3-41DE-BC33-F30933F648ED}"
EndProject
Project("{FAE04EC0-301F-11D3-BF4B-00C04F79EFBC}") = "Isen.DotNet.Library", "src\Isen.DotNet.Library\Isen.DotNet.Library.csproj", "{3AFEDEF1-ED98-49FE-A6C7-F4FDF5278733}"
EndProject
Global
	GlobalSection(SolutionConfigurationPlatforms) = preSolution
		Debug|Any CPU = Debug|Any CPU
		Debug|x64 = Debug|x64
		Debug|x86 = Debug|x86
		Release|Any CPU = Release|Any CPU
		Release|x64 = Release|x64
		Release|x86 = Release|x86
	EndGlobalSection
	GlobalSection(SolutionProperties) = preSolution
		HideSolutionNode = FALSE
	EndGlobalSection
	GlobalSection(ProjectConfigurationPlatforms) = postSolution
		{FA7834D3-34C3-41DE-BC33-F30933F648ED}.Debug|Any CPU.ActiveCfg = Debug|Any CPU
		{FA7834D3-34C3-41DE-BC33-F30933F648ED}.Debug|Any CPU.Build.0 = Debug|Any CPU
		{FA7834D3-34C3-41DE-BC33-F30933F648ED}.Debug|x64.ActiveCfg = Debug|Any CPU
		{FA7834D3-34C3-41DE-BC33-F30933F648ED}.Debug|x64.Build.0 = Debug|Any CPU
		{FA7834D3-34C3-41DE-BC33-F30933F648ED}.Debug|x86.ActiveCfg = Debug|Any CPU
		{FA7834D3-34C3-41DE-BC33-F30933F648ED}.Debug|x86.Build.0 = Debug|Any CPU
		{FA7834D3-34C3-41DE-BC33-F30933F648ED}.Release|Any CPU.ActiveCfg = Release|Any CPU
		{FA7834D3-34C3-41DE-BC33-F30933F648ED}.Release|Any CPU.Build.0 = Release|Any CPU
		{FA7834D3-34C3-41DE-BC33-F30933F648ED}.Release|x64.ActiveCfg = Release|Any CPU
		{FA7834D3-34C3-41DE-BC33-F30933F648ED}.Release|x64.Build.0 = Release|Any CPU
		{FA7834D3-34C3-41DE-BC33-F30933F648ED}.Release|x86.ActiveCfg = Release|Any CPU
		{FA7834D3-34C3-41DE-BC33-F30933F648ED}.Release|x86.Build.0 = Release|Any CPU
		{3AFEDEF1-ED98-49FE-A6C7-F4FDF5278733}.Debug|Any CPU.ActiveCfg = Debug|Any CPU
		{3AFEDEF1-ED98-49FE-A6C7-F4FDF5278733}.Debug|Any CPU.Build.0 = Debug|Any CPU
		{3AFEDEF1-ED98-49FE-A6C7-F4FDF5278733}.Debug|x64.ActiveCfg = Debug|Any CPU
		{3AFEDEF1-ED98-49FE-A6C7-F4FDF5278733}.Debug|x64.Build.0 = Debug|Any CPU
		{3AFEDEF1-ED98-49FE-A6C7-F4FDF5278733}.Debug|x86.ActiveCfg = Debug|Any CPU
		{3AFEDEF1-ED98-49FE-A6C7-F4FDF5278733}.Debug|x86.Build.0 = Debug|Any CPU
		{3AFEDEF1-ED98-49FE-A6C7-F4FDF5278733}.Release|Any CPU.ActiveCfg = Release|Any CPU
		{3AFEDEF1-ED98-49FE-A6C7-F4FDF5278733}.Release|Any CPU.Build.0 = Release|Any CPU
		{3AFEDEF1-ED98-49FE-A6C7-F4FDF5278733}.Release|x64.ActiveCfg = Release|Any CPU
		{3AFEDEF1-ED98-49FE-A6C7-F4FDF5278733}.Release|x64.Build.0 = Release|Any CPU
		{3AFEDEF1-ED98-49FE-A6C7-F4FDF5278733}.Release|x86.ActiveCfg = Release|Any CPU
		{3AFEDEF1-ED98-49FE-A6C7-F4FDF5278733}.Release|x86.Build.0 = Release|Any CPU
	EndGlobalSection
	GlobalSection(NestedProjects) = preSolution
		{FA7834D3-34C3-41DE-BC33-F30933F648ED} = {8AD01FBA-519E-42F7-ACAE-378938E6E3F3}
		{3AFEDEF1-ED98-49FE-A6C7-F4FDF5278733} = {8AD01FBA-519E-42F7-ACAE-378938E6E3F3}
	EndGlobalSection
EndGlobal
